
Microsoft Visual Studio Solution File, Format Version 12.00
# Visual Studio Version 16
VisualStudioVersion = 16.0.32413.511
MinimumVisualStudioVersion = 10.0.40219.1
Project("{FAE04EC0-301F-11D3-BF4B-00C04F79EFBC}") = "Ex03.GarageLogic", "Ex03.GarageLogic\Ex03.GarageLogic.csproj", "{9012998D-2376-4700-BE24-6A7678296773}"
EndProject
Project("{FAE04EC0-301F-11D3-BF4B-00C04F79EFBC}") = "Ex03.ConsoleUI", "Ex03.ConsoleUI\Ex03.ConsoleUI.csproj", "{69FAD686-807F-4EB6-9A33-B95794E04CED}"
EndProject
Global
	GlobalSection(SolutionConfigurationPlatforms) = preSolution
		Debug|Any CPU = Debug|Any CPU
		Release|Any CPU = Release|Any CPU
	EndGlobalSection
	GlobalSection(ProjectConfigurationPlatforms) = postSolution
		{9012998D-2376-4700-BE24-6A7678296773}.Debug|Any CPU.ActiveCfg = Debug|Any CPU
		{9012998D-2376-4700-BE24-6A7678296773}.Debug|Any CPU.Build.0 = Debug|Any CPU
		{9012998D-2376-4700-BE24-6A7678296773}.Release|Any CPU.ActiveCfg = Release|Any CPU
		{9012998D-2376-4700-BE24-6A7678296773}.Release|Any CPU.Build.0 = Release|Any CPU
		{69FAD686-807F-4EB6-9A33-B95794E04CED}.Debug|Any CPU.ActiveCfg = Debug|Any CPU
		{69FAD686-807F-4EB6-9A33-B95794E04CED}.Debug|Any CPU.Build.0 = Debug|Any CPU
		{69FAD686-807F-4EB6-9A33-B95794E04CED}.Release|Any CPU.ActiveCfg = Release|Any CPU
		{69FAD686-807F-4EB6-9A33-B95794E04CED}.Release|Any CPU.Build.0 = Release|Any CPU
	EndGlobalSection
	GlobalSection(SolutionProperties) = preSolution
		HideSolutionNode = FALSE
	EndGlobalSection
	GlobalSection(ExtensibilityGlobals) = postSolution
		SolutionGuid = {6AE9BA2F-6444-4F76-A574-03C0DEAE01D6}
	EndGlobalSection
EndGlobal
